// !$*UTF8*$!
{
	archiveVersion = 1;
	classes = {
	};
	objectVersion = 46;
	objects = {

/* Begin PBXAggregateTarget section */
		66FE24B71785566300969BA7 /* Framework */ = {
			isa = PBXAggregateTarget;
			buildConfigurationList = 66FE24B81785566300969BA7 /* Build configuration list for PBXAggregateTarget "Framework" */;
			buildPhases = (
				66FE24BB178556BF00969BA7 /* ShellScript */,
			);
			dependencies = (
			);
			name = Framework;
			productName = gcube;
		};
/* End PBXAggregateTarget section */

/* Begin PBXBuildFile section */
		6621FA7F17856EE6000F1EDB /* GCViewController.mm in Sources */ = {isa = PBXBuildFile; fileRef = 663274FF174DA31F001E839D /* GCViewController.mm */; };
		6621FA8017856EEA000F1EDB /* GCAPIGlue.mm in Sources */ = {isa = PBXBuildFile; fileRef = 667FC333176ABC9E000E8D0E /* GCAPIGlue.mm */; };
		663274D9174DA31F001E839D /* UIKit.framework in Frameworks */ = {isa = PBXBuildFile; fileRef = 663274D8174DA31F001E839D /* UIKit.framework */; };
		663274DB174DA31F001E839D /* Foundation.framework in Frameworks */ = {isa = PBXBuildFile; fileRef = 663274DA174DA31F001E839D /* Foundation.framework */; };
		663274DD174DA31F001E839D /* CoreGraphics.framework in Frameworks */ = {isa = PBXBuildFile; fileRef = 663274DC174DA31F001E839D /* CoreGraphics.framework */; };
		663274DF174DA31F001E839D /* GLKit.framework in Frameworks */ = {isa = PBXBuildFile; fileRef = 663274DE174DA31F001E839D /* GLKit.framework */; };
		663274E1174DA31F001E839D /* OpenGLES.framework in Frameworks */ = {isa = PBXBuildFile; fileRef = 663274E0174DA31F001E839D /* OpenGLES.framework */; };
		663274E7174DA31F001E839D /* InfoPlist.strings in Resources */ = {isa = PBXBuildFile; fileRef = 663274E5174DA31F001E839D /* InfoPlist.strings */; };
		663274E9174DA31F001E839D /* main.m in Sources */ = {isa = PBXBuildFile; fileRef = 663274E8174DA31F001E839D /* main.m */; };
		663274ED174DA31F001E839D /* GCAppDelegate.mm in Sources */ = {isa = PBXBuildFile; fileRef = 663274EC174DA31F001E839D /* GCAppDelegate.mm */; };
		663274EF174DA31F001E839D /* Default.png in Resources */ = {isa = PBXBuildFile; fileRef = 663274EE174DA31F001E839D /* Default.png */; };
		663274F1174DA31F001E839D /* Default@2x.png in Resources */ = {isa = PBXBuildFile; fileRef = 663274F0174DA31F001E839D /* Default@2x.png */; };
		663274F3174DA31F001E839D /* Default-568h@2x.png in Resources */ = {isa = PBXBuildFile; fileRef = 663274F2174DA31F001E839D /* Default-568h@2x.png */; };
		663274F6174DA31F001E839D /* MainStoryboard_iPhone.storyboard in Resources */ = {isa = PBXBuildFile; fileRef = 663274F4174DA31F001E839D /* MainStoryboard_iPhone.storyboard */; };
		663274F9174DA31F001E839D /* MainStoryboard_iPad.storyboard in Resources */ = {isa = PBXBuildFile; fileRef = 663274F7174DA31F001E839D /* MainStoryboard_iPad.storyboard */; };
		66327500174DA31F001E839D /* GCViewController.mm in Sources */ = {isa = PBXBuildFile; fileRef = 663274FF174DA31F001E839D /* GCViewController.mm */; };
		66327514174DE743001E839D /* ApplicationController.cpp in Sources */ = {isa = PBXBuildFile; fileRef = 66327511174DE743001E839D /* ApplicationController.cpp */; };
		66740DFF1761C17800510BCB /* Main.cpp in Sources */ = {isa = PBXBuildFile; fileRef = 66740DFD1761C17800510BCB /* Main.cpp */; };
		667FC334176ABC9E000E8D0E /* GCAPIGlue.mm in Sources */ = {isa = PBXBuildFile; fileRef = 667FC333176ABC9E000E8D0E /* GCAPIGlue.mm */; };
		667FC33C176AFA07000E8D0E /* GCUserEvent.mm in Sources */ = {isa = PBXBuildFile; fileRef = 667FC33B176AFA07000E8D0E /* GCUserEvent.mm */; };
		66AFF4C71772DC4800025BF6 /* stb_image.c in Sources */ = {isa = PBXBuildFile; fileRef = 66AFF4C51772DC4800025BF6 /* stb_image.c */; };
		66AFF4CA1772E2B500025BF6 /* gclue_logo.png in Resources */ = {isa = PBXBuildFile; fileRef = 66AFF4C91772E2B500025BF6 /* gclue_logo.png */; };
		66AFF4CD177BD50E00025BF6 /* stb_vorbis.c in Sources */ = {isa = PBXBuildFile; fileRef = 66AFF4CC177BD50E00025BF6 /* stb_vorbis.c */; };
		66AFF4D2177BDA1C00025BF6 /* SoundPlayer.cpp in Sources */ = {isa = PBXBuildFile; fileRef = 66AFF4D0177BD9E200025BF6 /* SoundPlayer.cpp */; };
		66AFF4D4177BDA8E00025BF6 /* OpenAL.framework in Frameworks */ = {isa = PBXBuildFile; fileRef = 66AFF4D3177BDA8E00025BF6 /* OpenAL.framework */; };
		66BBBABB177C1E7C00C1476B /* SoundData.cpp in Sources */ = {isa = PBXBuildFile; fileRef = 66BBBABA177C1E7C00C1476B /* SoundData.cpp */; };
		66BBBABF177C37FB00C1476B /* se_yay.ogg in Resources */ = {isa = PBXBuildFile; fileRef = 66BBBABE177C37E400C1476B /* se_yay.ogg */; };
		66BBBAC5177D542A00C1476B /* debug.txt in Resources */ = {isa = PBXBuildFile; fileRef = 66BBBAC4177D542A00C1476B /* debug.txt */; };
		66FC589B17585F07002D7A6F /* Icon-72.png in Resources */ = {isa = PBXBuildFile; fileRef = 66FC589417585F07002D7A6F /* Icon-72.png */; };
		66FC589C17585F07002D7A6F /* Icon-72@2x.png in Resources */ = {isa = PBXBuildFile; fileRef = 66FC589517585F07002D7A6F /* Icon-72@2x.png */; };
		66FC589D17585F07002D7A6F /* Icon-Small-50.png in Resources */ = {isa = PBXBuildFile; fileRef = 66FC589617585F07002D7A6F /* Icon-Small-50.png */; };
		66FC589E17585F07002D7A6F /* Icon-Small.png in Resources */ = {isa = PBXBuildFile; fileRef = 66FC589717585F07002D7A6F /* Icon-Small.png */; };
		66FC589F17585F07002D7A6F /* Icon-Small@2x.png in Resources */ = {isa = PBXBuildFile; fileRef = 66FC589817585F07002D7A6F /* Icon-Small@2x.png */; };
		66FC58A017585F07002D7A6F /* Icon.png in Resources */ = {isa = PBXBuildFile; fileRef = 66FC589917585F07002D7A6F /* Icon.png */; };
		66FC58A117585F07002D7A6F /* Icon@2x.png in Resources */ = {isa = PBXBuildFile; fileRef = 66FC589A17585F07002D7A6F /* Icon@2x.png */; };
		66FC58E617586047002D7A6F /* glsample.cpp in Sources */ = {isa = PBXBuildFile; fileRef = 66FC58E417586047002D7A6F /* glsample.cpp */; };
		66FC58E91760235E002D7A6F /* CoreMotion.framework in Frameworks */ = {isa = PBXBuildFile; fileRef = 66FC58E81760235D002D7A6F /* CoreMotion.framework */; };
		66FE247A178537C100969BA7 /* ApplicationController.cpp in Sources */ = {isa = PBXBuildFile; fileRef = 66327511174DE743001E839D /* ApplicationController.cpp */; };
		66FE247C178537C100969BA7 /* SoundData.cpp in Sources */ = {isa = PBXBuildFile; fileRef = 66BBBABA177C1E7C00C1476B /* SoundData.cpp */; };
		66FE247E178537C100969BA7 /* SoundPlayer.cpp in Sources */ = {isa = PBXBuildFile; fileRef = 66AFF4D0177BD9E200025BF6 /* SoundPlayer.cpp */; };
		66FE2482178537C100969BA7 /* stb_image.c in Sources */ = {isa = PBXBuildFile; fileRef = 66AFF4C51772DC4800025BF6 /* stb_image.c */; };
		66FE2484178537C100969BA7 /* stb_vorbis.c in Sources */ = {isa = PBXBuildFile; fileRef = 66AFF4CC177BD50E00025BF6 /* stb_vorbis.c */; };
/* End PBXBuildFile section */

/* Begin PBXFileReference section */
		663274D5174DA31F001E839D /* GCube.app */ = {isa = PBXFileReference; explicitFileType = wrapper.application; includeInIndex = 0; path = GCube.app; sourceTree = BUILT_PRODUCTS_DIR; };
		663274D8174DA31F001E839D /* UIKit.framework */ = {isa = PBXFileReference; lastKnownFileType = wrapper.framework; name = UIKit.framework; path = System/Library/Frameworks/UIKit.framework; sourceTree = SDKROOT; };
		663274DA174DA31F001E839D /* Foundation.framework */ = {isa = PBXFileReference; lastKnownFileType = wrapper.framework; name = Foundation.framework; path = System/Library/Frameworks/Foundation.framework; sourceTree = SDKROOT; };
		663274DC174DA31F001E839D /* CoreGraphics.framework */ = {isa = PBXFileReference; lastKnownFileType = wrapper.framework; name = CoreGraphics.framework; path = System/Library/Frameworks/CoreGraphics.framework; sourceTree = SDKROOT; };
		663274DE174DA31F001E839D /* GLKit.framework */ = {isa = PBXFileReference; lastKnownFileType = wrapper.framework; name = GLKit.framework; path = System/Library/Frameworks/GLKit.framework; sourceTree = SDKROOT; };
		663274E0174DA31F001E839D /* OpenGLES.framework */ = {isa = PBXFileReference; lastKnownFileType = wrapper.framework; name = OpenGLES.framework; path = System/Library/Frameworks/OpenGLES.framework; sourceTree = SDKROOT; };
		663274E4174DA31F001E839D /* GCube-Info.plist */ = {isa = PBXFileReference; lastKnownFileType = text.plist.xml; path = "GCube-Info.plist"; sourceTree = "<group>"; };
		663274E6174DA31F001E839D /* en */ = {isa = PBXFileReference; lastKnownFileType = text.plist.strings; name = en; path = en.lproj/InfoPlist.strings; sourceTree = "<group>"; };
		663274E8174DA31F001E839D /* main.m */ = {isa = PBXFileReference; lastKnownFileType = sourcecode.c.objc; path = main.m; sourceTree = "<group>"; };
		663274EA174DA31F001E839D /* GCube-Prefix.pch */ = {isa = PBXFileReference; lastKnownFileType = sourcecode.c.h; path = "GCube-Prefix.pch"; sourceTree = "<group>"; };
		663274EB174DA31F001E839D /* GCAppDelegate.h */ = {isa = PBXFileReference; lastKnownFileType = sourcecode.c.h; path = GCAppDelegate.h; sourceTree = "<group>"; };
		663274EC174DA31F001E839D /* GCAppDelegate.mm */ = {isa = PBXFileReference; lastKnownFileType = sourcecode.cpp.objcpp; path = GCAppDelegate.mm; sourceTree = "<group>"; };
		663274EE174DA31F001E839D /* Default.png */ = {isa = PBXFileReference; lastKnownFileType = image.png; path = Default.png; sourceTree = "<group>"; };
		663274F0174DA31F001E839D /* Default@2x.png */ = {isa = PBXFileReference; lastKnownFileType = image.png; path = "Default@2x.png"; sourceTree = "<group>"; };
		663274F2174DA31F001E839D /* Default-568h@2x.png */ = {isa = PBXFileReference; lastKnownFileType = image.png; path = "Default-568h@2x.png"; sourceTree = "<group>"; };
		663274F5174DA31F001E839D /* en */ = {isa = PBXFileReference; lastKnownFileType = file.storyboard; name = en; path = en.lproj/MainStoryboard_iPhone.storyboard; sourceTree = "<group>"; };
		663274F8174DA31F001E839D /* en */ = {isa = PBXFileReference; lastKnownFileType = file.storyboard; name = en; path = en.lproj/MainStoryboard_iPad.storyboard; sourceTree = "<group>"; };
		663274FE174DA31F001E839D /* GCViewController.h */ = {isa = PBXFileReference; lastKnownFileType = sourcecode.c.h; path = GCViewController.h; sourceTree = "<group>"; };
		663274FF174DA31F001E839D /* GCViewController.mm */ = {isa = PBXFileReference; lastKnownFileType = sourcecode.cpp.objcpp; path = GCViewController.mm; sourceTree = "<group>"; };
		66327511174DE743001E839D /* ApplicationController.cpp */ = {isa = PBXFileReference; fileEncoding = 4; lastKnownFileType = sourcecode.cpp.cpp; path = ApplicationController.cpp; sourceTree = "<group>"; };
		66327512174DE743001E839D /* ApplicationController.h */ = {isa = PBXFileReference; fileEncoding = 4; lastKnownFileType = sourcecode.c.h; path = ApplicationController.h; sourceTree = "<group>"; };
		66740DFC1761C09400510BCB /* GCDefines.h */ = {isa = PBXFileReference; lastKnownFileType = sourcecode.c.h; path = GCDefines.h; sourceTree = "<group>"; };
		66740DFD1761C17800510BCB /* Main.cpp */ = {isa = PBXFileReference; fileEncoding = 4; lastKnownFileType = sourcecode.cpp.cpp; path = Main.cpp; sourceTree = "<group>"; };
		66740DFE1761C17800510BCB /* Main.h */ = {isa = PBXFileReference; fileEncoding = 4; lastKnownFileType = sourcecode.c.h; path = Main.h; sourceTree = "<group>"; };
		66740E001761C6C900510BCB /* IApplicationEventListener.h */ = {isa = PBXFileReference; fileEncoding = 4; lastKnownFileType = sourcecode.c.h; path = IApplicationEventListener.h; sourceTree = "<group>"; };
		667FC333176ABC9E000E8D0E /* GCAPIGlue.mm */ = {isa = PBXFileReference; fileEncoding = 4; lastKnownFileType = sourcecode.cpp.objcpp; path = GCAPIGlue.mm; sourceTree = "<group>"; };
		667FC33B176AFA07000E8D0E /* GCUserEvent.mm */ = {isa = PBXFileReference; fileEncoding = 4; lastKnownFileType = sourcecode.cpp.objcpp; path = GCUserEvent.mm; sourceTree = "<group>"; };
		66AFF4C51772DC4800025BF6 /* stb_image.c */ = {isa = PBXFileReference; fileEncoding = 4; lastKnownFileType = sourcecode.c.c; path = stb_image.c; sourceTree = "<group>"; };
		66AFF4C61772DC4800025BF6 /* stb_image.h */ = {isa = PBXFileReference; fileEncoding = 4; lastKnownFileType = sourcecode.c.h; path = stb_image.h; sourceTree = "<group>"; };
		66AFF4C91772E2B500025BF6 /* gclue_logo.png */ = {isa = PBXFileReference; lastKnownFileType = image.png; path = gclue_logo.png; sourceTree = "<group>"; };
		66AFF4CB177BD50500025BF6 /* stb_vorbis.h */ = {isa = PBXFileReference; lastKnownFileType = sourcecode.c.h; path = stb_vorbis.h; sourceTree = "<group>"; };
		66AFF4CC177BD50E00025BF6 /* stb_vorbis.c */ = {isa = PBXFileReference; fileEncoding = 4; lastKnownFileType = sourcecode.c.c; path = stb_vorbis.c; sourceTree = "<group>"; };
		66AFF4CF177BD9E200025BF6 /* SoundData.h */ = {isa = PBXFileReference; lastKnownFileType = sourcecode.c.h; path = SoundData.h; sourceTree = "<group>"; };
		66AFF4D0177BD9E200025BF6 /* SoundPlayer.cpp */ = {isa = PBXFileReference; lastKnownFileType = sourcecode.cpp.cpp; path = SoundPlayer.cpp; sourceTree = "<group>"; };
		66AFF4D1177BD9E200025BF6 /* SoundPlayer.h */ = {isa = PBXFileReference; lastKnownFileType = sourcecode.c.h; path = SoundPlayer.h; sourceTree = "<group>"; };
		66AFF4D3177BDA8E00025BF6 /* OpenAL.framework */ = {isa = PBXFileReference; lastKnownFileType = wrapper.framework; name = OpenAL.framework; path = System/Library/Frameworks/OpenAL.framework; sourceTree = SDKROOT; };
		66BBBABA177C1E7C00C1476B /* SoundData.cpp */ = {isa = PBXFileReference; fileEncoding = 4; lastKnownFileType = sourcecode.cpp.cpp; path = SoundData.cpp; sourceTree = "<group>"; };
		66BBBABE177C37E400C1476B /* se_yay.ogg */ = {isa = PBXFileReference; lastKnownFileType = file; path = se_yay.ogg; sourceTree = "<group>"; };
		66BBBAC4177D542A00C1476B /* debug.txt */ = {isa = PBXFileReference; fileEncoding = 4; lastKnownFileType = text; path = debug.txt; sourceTree = "<group>"; };
		66FC588C17571446002D7A6F /* Log.h */ = {isa = PBXFileReference; fileEncoding = 4; lastKnownFileType = sourcecode.c.h; path = Log.h; sourceTree = "<group>"; };
		66FC588E175717E4002D7A6F /* GCube.h */ = {isa = PBXFileReference; lastKnownFileType = sourcecode.c.h; path = GCube.h; sourceTree = "<group>"; };
		66FC589217571ABC002D7A6F /* GCubeConfig.h */ = {isa = PBXFileReference; fileEncoding = 4; lastKnownFileType = sourcecode.c.h; path = GCubeConfig.h; sourceTree = "<group>"; };
		66FC589417585F07002D7A6F /* Icon-72.png */ = {isa = PBXFileReference; lastKnownFileType = image.png; path = "Icon-72.png"; sourceTree = "<group>"; };
		66FC589517585F07002D7A6F /* Icon-72@2x.png */ = {isa = PBXFileReference; lastKnownFileType = image.png; path = "Icon-72@2x.png"; sourceTree = "<group>"; };
		66FC589617585F07002D7A6F /* Icon-Small-50.png */ = {isa = PBXFileReference; lastKnownFileType = image.png; path = "Icon-Small-50.png"; sourceTree = "<group>"; };
		66FC589717585F07002D7A6F /* Icon-Small.png */ = {isa = PBXFileReference; lastKnownFileType = image.png; path = "Icon-Small.png"; sourceTree = "<group>"; };
		66FC589817585F07002D7A6F /* Icon-Small@2x.png */ = {isa = PBXFileReference; lastKnownFileType = image.png; path = "Icon-Small@2x.png"; sourceTree = "<group>"; };
		66FC589917585F07002D7A6F /* Icon.png */ = {isa = PBXFileReference; lastKnownFileType = image.png; path = Icon.png; sourceTree = "<group>"; };
		66FC589A17585F07002D7A6F /* Icon@2x.png */ = {isa = PBXFileReference; lastKnownFileType = image.png; path = "Icon@2x.png"; sourceTree = "<group>"; };
		66FC58E417586047002D7A6F /* glsample.cpp */ = {isa = PBXFileReference; fileEncoding = 4; lastKnownFileType = sourcecode.cpp.cpp; path = glsample.cpp; sourceTree = "<group>"; };
		66FC58E517586047002D7A6F /* glsample.h */ = {isa = PBXFileReference; fileEncoding = 4; lastKnownFileType = sourcecode.c.h; path = glsample.h; sourceTree = "<group>"; };
		66FC58E81760235D002D7A6F /* CoreMotion.framework */ = {isa = PBXFileReference; lastKnownFileType = wrapper.framework; name = CoreMotion.framework; path = System/Library/Frameworks/CoreMotion.framework; sourceTree = SDKROOT; };
		66FE246B1785371A00969BA7 /* libGCube.a */ = {isa = PBXFileReference; explicitFileType = archive.ar; includeInIndex = 0; path = libGCube.a; sourceTree = BUILT_PRODUCTS_DIR; };
/* End PBXFileReference section */

/* Begin PBXFrameworksBuildPhase section */
		663274D2174DA31F001E839D /* Frameworks */ = {
			isa = PBXFrameworksBuildPhase;
			buildActionMask = 2147483647;
			files = (
				66AFF4D4177BDA8E00025BF6 /* OpenAL.framework in Frameworks */,
				66FC58E91760235E002D7A6F /* CoreMotion.framework in Frameworks */,
				663274D9174DA31F001E839D /* UIKit.framework in Frameworks */,
				663274DB174DA31F001E839D /* Foundation.framework in Frameworks */,
				663274DD174DA31F001E839D /* CoreGraphics.framework in Frameworks */,
				663274DF174DA31F001E839D /* GLKit.framework in Frameworks */,
				663274E1174DA31F001E839D /* OpenGLES.framework in Frameworks */,
			);
			runOnlyForDeploymentPostprocessing = 0;
		};
/* End PBXFrameworksBuildPhase section */

/* Begin PBXGroup section */
		663274CC174DA31F001E839D = {
			isa = PBXGroup;
			children = (
				663274E2174DA31F001E839D /* GCube */,
				663274D7174DA31F001E839D /* Frameworks */,
				663274D6174DA31F001E839D /* Products */,
			);
			sourceTree = "<group>";
		};
		663274D6174DA31F001E839D /* Products */ = {
			isa = PBXGroup;
			children = (
				663274D5174DA31F001E839D /* GCube.app */,
				66FE246B1785371A00969BA7 /* libGCube.a */,
			);
			name = Products;
			sourceTree = "<group>";
		};
		663274D7174DA31F001E839D /* Frameworks */ = {
			isa = PBXGroup;
			children = (
				66AFF4D3177BDA8E00025BF6 /* OpenAL.framework */,
				66FC58E81760235D002D7A6F /* CoreMotion.framework */,
				663274D8174DA31F001E839D /* UIKit.framework */,
				663274DA174DA31F001E839D /* Foundation.framework */,
				663274DC174DA31F001E839D /* CoreGraphics.framework */,
				663274DE174DA31F001E839D /* GLKit.framework */,
				663274E0174DA31F001E839D /* OpenGLES.framework */,
			);
			name = Frameworks;
			sourceTree = "<group>";
		};
		663274E2174DA31F001E839D /* GCube */ = {
			isa = PBXGroup;
			children = (
				667FC339176AF9F7000E8D0E /* user */,
				66FC589117571ABC002D7A6F /* main */,
				6632750F174DE743001E839D /* assets */,
				66327510174DE743001E839D /* engine */,
				6632750A174DB6AD001E839D /* iOS */,
				663274E3174DA31F001E839D /* Supporting Files */,
			);
			path = GCube;
			sourceTree = "<group>";
		};
		663274E3174DA31F001E839D /* Supporting Files */ = {
			isa = PBXGroup;
			children = (
				66FC589317585F07002D7A6F /* icon */,
				663274E4174DA31F001E839D /* GCube-Info.plist */,
				663274E5174DA31F001E839D /* InfoPlist.strings */,
				663274E8174DA31F001E839D /* main.m */,
				663274EA174DA31F001E839D /* GCube-Prefix.pch */,
				663274EE174DA31F001E839D /* Default.png */,
				663274F0174DA31F001E839D /* Default@2x.png */,
				663274F2174DA31F001E839D /* Default-568h@2x.png */,
			);
			name = "Supporting Files";
			sourceTree = "<group>";
		};
		6632750A174DB6AD001E839D /* iOS */ = {
			isa = PBXGroup;
			children = (
				663274EB174DA31F001E839D /* GCAppDelegate.h */,
				663274EC174DA31F001E839D /* GCAppDelegate.mm */,
				663274F4174DA31F001E839D /* MainStoryboard_iPhone.storyboard */,
				663274F7174DA31F001E839D /* MainStoryboard_iPad.storyboard */,
				663274FE174DA31F001E839D /* GCViewController.h */,
				663274FF174DA31F001E839D /* GCViewController.mm */,
				667FC333176ABC9E000E8D0E /* GCAPIGlue.mm */,
			);
			name = iOS;
			sourceTree = "<group>";
		};
		6632750F174DE743001E839D /* assets */ = {
			isa = PBXGroup;
			children = (
				66AFF4D5177BDBF900025BF6 /* sound */,
				66AFF4C81772E2B500025BF6 /* texture */,
				66BBBAC3177D542A00C1476B /* etc */,
			);
			name = assets;
			path = ../../../assets;
			sourceTree = "<group>";
		};
		66327510174DE743001E839D /* engine */ = {
			isa = PBXGroup;
			children = (
				66FC588E175717E4002D7A6F /* GCube.h */,
				66740DFC1761C09400510BCB /* GCDefines.h */,
				66740E001761C6C900510BCB /* IApplicationEventListener.h */,
				66327511174DE743001E839D /* ApplicationController.cpp */,
				66327512174DE743001E839D /* ApplicationController.h */,
				66AFF4CE177BD9D600025BF6 /* sound */,
				66FC588A1757131F002D7A6F /* util */,
				66AFF4C31772DC4800025BF6 /* external */,
			);
			name = engine;
			path = ../../../engine;
			sourceTree = "<group>";
		};
		667FC339176AF9F7000E8D0E /* user */ = {
			isa = PBXGroup;
			children = (
				667FC33B176AFA07000E8D0E /* GCUserEvent.mm */,
			);
			path = user;
			sourceTree = "<group>";
		};
		66AFF4C31772DC4800025BF6 /* external */ = {
			isa = PBXGroup;
			children = (
				66AFF4C41772DC4800025BF6 /* stb */,
			);
			path = external;
			sourceTree = "<group>";
		};
		66AFF4C41772DC4800025BF6 /* stb */ = {
			isa = PBXGroup;
			children = (
				66AFF4C61772DC4800025BF6 /* stb_image.h */,
				66AFF4C51772DC4800025BF6 /* stb_image.c */,
				66AFF4CB177BD50500025BF6 /* stb_vorbis.h */,
				66AFF4CC177BD50E00025BF6 /* stb_vorbis.c */,
			);
			path = stb;
			sourceTree = "<group>";
		};
		66AFF4C81772E2B500025BF6 /* texture */ = {
			isa = PBXGroup;
			children = (
				66AFF4C91772E2B500025BF6 /* gclue_logo.png */,
			);
			path = texture;
			sourceTree = "<group>";
		};
		66AFF4CE177BD9D600025BF6 /* sound */ = {
			isa = PBXGroup;
			children = (
				66BBBABA177C1E7C00C1476B /* SoundData.cpp */,
				66AFF4CF177BD9E200025BF6 /* SoundData.h */,
				66AFF4D0177BD9E200025BF6 /* SoundPlayer.cpp */,
				66AFF4D1177BD9E200025BF6 /* SoundPlayer.h */,
			);
			path = sound;
			sourceTree = "<group>";
		};
		66AFF4D5177BDBF900025BF6 /* sound */ = {
			isa = PBXGroup;
			children = (
				66BBBABE177C37E400C1476B /* se_yay.ogg */,
			);
			path = sound;
			sourceTree = "<group>";
		};
		66BBBAC3177D542A00C1476B /* etc */ = {
			isa = PBXGroup;
			children = (
				66BBBAC4177D542A00C1476B /* debug.txt */,
			);
			path = etc;
			sourceTree = "<group>";
		};
		66FC588A1757131F002D7A6F /* util */ = {
			isa = PBXGroup;
			children = (
				66FC588C17571446002D7A6F /* Log.h */,
			);
			path = util;
			sourceTree = "<group>";
		};
		66FC589117571ABC002D7A6F /* main */ = {
			isa = PBXGroup;
			children = (
				66FC589217571ABC002D7A6F /* GCubeConfig.h */,
				66FC58E417586047002D7A6F /* glsample.cpp */,
				66FC58E517586047002D7A6F /* glsample.h */,
				66740DFD1761C17800510BCB /* Main.cpp */,
				66740DFE1761C17800510BCB /* Main.h */,
			);
			name = main;
			path = ../../../main;
			sourceTree = "<group>";
		};
		66FC589317585F07002D7A6F /* icon */ = {
			isa = PBXGroup;
			children = (
				66FC589417585F07002D7A6F /* Icon-72.png */,
				66FC589517585F07002D7A6F /* Icon-72@2x.png */,
				66FC589617585F07002D7A6F /* Icon-Small-50.png */,
				66FC589717585F07002D7A6F /* Icon-Small.png */,
				66FC589817585F07002D7A6F /* Icon-Small@2x.png */,
				66FC589917585F07002D7A6F /* Icon.png */,
				66FC589A17585F07002D7A6F /* Icon@2x.png */,
			);
			path = icon;
			sourceTree = "<group>";
		};
/* End PBXGroup section */

/* Begin PBXNativeTarget section */
		663274D4174DA31F001E839D /* GCube */ = {
			isa = PBXNativeTarget;
			buildConfigurationList = 66327503174DA31F001E839D /* Build configuration list for PBXNativeTarget "GCube" */;
			buildPhases = (
				663274D1174DA31F001E839D /* Sources */,
				663274D2174DA31F001E839D /* Frameworks */,
				663274D3174DA31F001E839D /* Resources */,
			);
			buildRules = (
			);
			dependencies = (
			);
			name = GCube;
			productName = GCube;
			productReference = 663274D5174DA31F001E839D /* GCube.app */;
			productType = "com.apple.product-type.application";
		};
		66FE246A1785371A00969BA7 /* Engine */ = {
			isa = PBXNativeTarget;
			buildConfigurationList = 66FE24741785371A00969BA7 /* Build configuration list for PBXNativeTarget "Engine" */;
			buildPhases = (
				66FE24671785371A00969BA7 /* Sources */,
				66FE24CF178562D100969BA7 /* ShellScript */,
			);
			buildRules = (
			);
			dependencies = (
			);
			name = Engine;
			productName = gcube;
			productReference = 66FE246B1785371A00969BA7 /* libGCube.a */;
			productType = "com.apple.product-type.library.static";
		};
/* End PBXNativeTarget section */

/* Begin PBXProject section */
		663274CD174DA31F001E839D /* Project object */ = {
			isa = PBXProject;
			attributes = {
				CLASSPREFIX = GC;
				LastUpgradeCheck = 0460;
				ORGANIZATIONNAME = "GClue, Inc.";
			};
			buildConfigurationList = 663274D0174DA31F001E839D /* Build configuration list for PBXProject "GCube" */;
			compatibilityVersion = "Xcode 3.2";
			developmentRegion = English;
			hasScannedForEncodings = 0;
			knownRegions = (
				en,
			);
			mainGroup = 663274CC174DA31F001E839D;
			productRefGroup = 663274D6174DA31F001E839D /* Products */;
			projectDirPath = "";
			projectRoot = "";
			targets = (
				663274D4174DA31F001E839D /* GCube */,
				66FE246A1785371A00969BA7 /* Engine */,
				66FE24B71785566300969BA7 /* Framework */,
			);
		};
/* End PBXProject section */

/* Begin PBXResourcesBuildPhase section */
		663274D3174DA31F001E839D /* Resources */ = {
			isa = PBXResourcesBuildPhase;
			buildActionMask = 2147483647;
			files = (
				663274E7174DA31F001E839D /* InfoPlist.strings in Resources */,
				663274EF174DA31F001E839D /* Default.png in Resources */,
				663274F1174DA31F001E839D /* Default@2x.png in Resources */,
				663274F3174DA31F001E839D /* Default-568h@2x.png in Resources */,
				663274F6174DA31F001E839D /* MainStoryboard_iPhone.storyboard in Resources */,
				663274F9174DA31F001E839D /* MainStoryboard_iPad.storyboard in Resources */,
				66FC589B17585F07002D7A6F /* Icon-72.png in Resources */,
				66FC589C17585F07002D7A6F /* Icon-72@2x.png in Resources */,
				66FC589D17585F07002D7A6F /* Icon-Small-50.png in Resources */,
				66FC589E17585F07002D7A6F /* Icon-Small.png in Resources */,
				66FC589F17585F07002D7A6F /* Icon-Small@2x.png in Resources */,
				66FC58A017585F07002D7A6F /* Icon.png in Resources */,
				66FC58A117585F07002D7A6F /* Icon@2x.png in Resources */,
				66AFF4CA1772E2B500025BF6 /* gclue_logo.png in Resources */,
				66BBBABF177C37FB00C1476B /* se_yay.ogg in Resources */,
				66BBBAC5177D542A00C1476B /* debug.txt in Resources */,
			);
			runOnlyForDeploymentPostprocessing = 0;
		};
/* End PBXResourcesBuildPhase section */

/* Begin PBXShellScriptBuildPhase section */
		66FE24BB178556BF00969BA7 /* ShellScript */ = {
			isa = PBXShellScriptBuildPhase;
			buildActionMask = 2147483647;
			files = (
			);
			inputPaths = (
			);
			outputPaths = (
			);
			runOnlyForDeploymentPostprocessing = 0;
			shellPath = /bin/sh;
			shellScript = "# Environment Variables\nFRAMEWORK_NAME=${PROJECT_NAME}\nFRAMEWORK_VERSION=A\nFRAMEWORK_VERSION_NUMBER=1.0\nCONFIGURATION=\"Release\"\nFRAMEWORK_BUILD_PATH=\"${SRCROOT}/build/${CONFIGURATION}-framework\"\nFRAMEWORK_DIR=\"${FRAMEWORK_BUILD_PATH}/${FRAMEWORK_NAME}.framework\"\n\n# Clean directories\nrm -rf \"${FRAMEWORK_BUILD_PATH}\"\n\n# Build simulator and device binaries.\nxcodebuild -project ${PROJECT_NAME}.xcodeproj -sdk iphonesimulator -target \"Engine\" -configuration ${CONFIGURATION} clean build\nxcodebuild -project ${PROJECT_NAME}.xcodeproj -sdk iphoneos -target \"Engine\" -configuration ${CONFIGURATION} clean build\n\n# create framework directories.\nmkdir -p ${FRAMEWORK_DIR}\nmkdir -p ${FRAMEWORK_DIR}/Versions\nmkdir -p ${FRAMEWORK_DIR}/Versions/${FRAMEWORK_VERSION}\nmkdir -p ${FRAMEWORK_DIR}/Versions/${FRAMEWORK_VERSION}/Resources\nmkdir -p ${FRAMEWORK_DIR}/Versions/${FRAMEWORK_VERSION}/Headers\n\n# create symlinks\ncd ${FRAMEWORK_DIR}\nln -s ../Versions/${FRAMEWORK_VERSION} Versions/Current\nln -s Versions/Current/Headers Headers\nln -s Versions/Current/Resources Resources\nln -s Versions/Current/${FRAMEWORK_NAME} ${FRAMEWORK_NAME}\ncd ${SRCROOT}\n\n# create the universal library\nlipo ${SRCROOT}/build/${CONFIGURATION}-iphoneos/lib${FRAMEWORK_NAME}.a ${SRCROOT}/build/${CONFIGURATION}-iphonesimulator/lib${FRAMEWORK_NAME}.a -create -output \"${FRAMEWORK_DIR}/Versions/Current/${FRAMEWORK_NAME}\"\n\n# copy files\ncp -r ${SRCROOT}/build/${CONFIGURATION}-iphoneos/Headers/ ${FRAMEWORK_DIR}/Headers/\n#cp ${PROJECT_NAME}/Info.plist ${FRAMEWORK_DIR}/Resources\n";
		};
		66FE24CF178562D100969BA7 /* ShellScript */ = {
			isa = PBXShellScriptBuildPhase;
			buildActionMask = 2147483647;
			files = (
			);
			inputPaths = (
			);
			outputPaths = (
			);
			runOnlyForDeploymentPostprocessing = 0;
			shellPath = /bin/sh;
			shellScript = "cd ${BUILT_PRODUCTS_DIR}\nrm -rf Headers\nmkdir Headers\ncd ${SRCROOT}/../../engine/\nfind . -name \"*.h\" -print | cpio -pdv ${BUILT_PRODUCTS_DIR}/Headers/\n";
		};
/* End PBXShellScriptBuildPhase section */

/* Begin PBXSourcesBuildPhase section */
		663274D1174DA31F001E839D /* Sources */ = {
			isa = PBXSourcesBuildPhase;
			buildActionMask = 2147483647;
			files = (
				663274E9174DA31F001E839D /* main.m in Sources */,
				663274ED174DA31F001E839D /* GCAppDelegate.mm in Sources */,
				66327500174DA31F001E839D /* GCViewController.mm in Sources */,
				66327514174DE743001E839D /* ApplicationController.cpp in Sources */,
				66FC58E617586047002D7A6F /* glsample.cpp in Sources */,
				66740DFF1761C17800510BCB /* Main.cpp in Sources */,
				667FC334176ABC9E000E8D0E /* GCAPIGlue.mm in Sources */,
				667FC33C176AFA07000E8D0E /* GCUserEvent.mm in Sources */,
				66AFF4C71772DC4800025BF6 /* stb_image.c in Sources */,
				66AFF4CD177BD50E00025BF6 /* stb_vorbis.c in Sources */,
				66AFF4D2177BDA1C00025BF6 /* SoundPlayer.cpp in Sources */,
				66BBBABB177C1E7C00C1476B /* SoundData.cpp in Sources */,
			);
			runOnlyForDeploymentPostprocessing = 0;
		};
		66FE24671785371A00969BA7 /* Sources */ = {
			isa = PBXSourcesBuildPhase;
			buildActionMask = 2147483647;
			files = (
				66FE247A178537C100969BA7 /* ApplicationController.cpp in Sources */,
				66FE247C178537C100969BA7 /* SoundData.cpp in Sources */,
				66FE247E178537C100969BA7 /* SoundPlayer.cpp in Sources */,
				66FE2482178537C100969BA7 /* stb_image.c in Sources */,
				66FE2484178537C100969BA7 /* stb_vorbis.c in Sources */,
				6621FA7F17856EE6000F1EDB /* GCViewController.mm in Sources */,
				6621FA8017856EEA000F1EDB /* GCAPIGlue.mm in Sources */,
			);
			runOnlyForDeploymentPostprocessing = 0;
		};
/* End PBXSourcesBuildPhase section */

/* Begin PBXVariantGroup section */
		663274E5174DA31F001E839D /* InfoPlist.strings */ = {
			isa = PBXVariantGroup;
			children = (
				663274E6174DA31F001E839D /* en */,
			);
			name = InfoPlist.strings;
			sourceTree = "<group>";
		};
		663274F4174DA31F001E839D /* MainStoryboard_iPhone.storyboard */ = {
			isa = PBXVariantGroup;
			children = (
				663274F5174DA31F001E839D /* en */,
			);
			name = MainStoryboard_iPhone.storyboard;
			sourceTree = "<group>";
		};
		663274F7174DA31F001E839D /* MainStoryboard_iPad.storyboard */ = {
			isa = PBXVariantGroup;
			children = (
				663274F8174DA31F001E839D /* en */,
			);
			name = MainStoryboard_iPad.storyboard;
			sourceTree = "<group>";
		};
/* End PBXVariantGroup section */

/* Begin XCBuildConfiguration section */
		66327501174DA31F001E839D /* Debug */ = {
			isa = XCBuildConfiguration;
			buildSettings = {
				ALWAYS_SEARCH_USER_PATHS = YES;
				CLANG_CXX_LANGUAGE_STANDARD = "gnu++0x";
				CLANG_CXX_LIBRARY = "libc++";
				CLANG_ENABLE_OBJC_ARC = YES;
				CLANG_WARN_CONSTANT_CONVERSION = YES;
				CLANG_WARN_EMPTY_BODY = YES;
				CLANG_WARN_ENUM_CONVERSION = YES;
				CLANG_WARN_INT_CONVERSION = YES;
				CLANG_WARN__DUPLICATE_METHOD_MATCH = YES;
				"CODE_SIGN_IDENTITY[sdk=iphoneos*]" = "iPhone Developer";
				COPY_PHASE_STRIP = NO;
				GCC_C_LANGUAGE_STANDARD = gnu99;
				GCC_DYNAMIC_NO_PIC = NO;
				GCC_OPTIMIZATION_LEVEL = 0;
				GCC_PREPROCESSOR_DEFINITIONS = (
					"DEBUG=1",
					"$(inherited)",
				);
				GCC_SYMBOLS_PRIVATE_EXTERN = NO;
				GCC_WARN_ABOUT_RETURN_TYPE = YES;
				GCC_WARN_UNINITIALIZED_AUTOS = YES;
				GCC_WARN_UNUSED_VARIABLE = YES;
				IPHONEOS_DEPLOYMENT_TARGET = 5.0;
				ONLY_ACTIVE_ARCH = YES;
				SDKROOT = iphoneos;
				TARGETED_DEVICE_FAMILY = "1,2";
				USER_HEADER_SEARCH_PATHS = "../../../main/** ../../../engine/**";
			};
			name = Debug;
		};
		66327502174DA31F001E839D /* Release */ = {
			isa = XCBuildConfiguration;
			buildSettings = {
				ALWAYS_SEARCH_USER_PATHS = YES;
				CLANG_CXX_LANGUAGE_STANDARD = "gnu++0x";
				CLANG_CXX_LIBRARY = "libc++";
				CLANG_ENABLE_OBJC_ARC = YES;
				CLANG_WARN_CONSTANT_CONVERSION = YES;
				CLANG_WARN_EMPTY_BODY = YES;
				CLANG_WARN_ENUM_CONVERSION = YES;
				CLANG_WARN_INT_CONVERSION = YES;
				CLANG_WARN__DUPLICATE_METHOD_MATCH = YES;
				"CODE_SIGN_IDENTITY[sdk=iphoneos*]" = "iPhone Developer";
				COPY_PHASE_STRIP = YES;
				GCC_C_LANGUAGE_STANDARD = gnu99;
				GCC_WARN_ABOUT_RETURN_TYPE = YES;
				GCC_WARN_UNINITIALIZED_AUTOS = YES;
				GCC_WARN_UNUSED_VARIABLE = YES;
				IPHONEOS_DEPLOYMENT_TARGET = 5.0;
				OTHER_CFLAGS = "-DNS_BLOCK_ASSERTIONS=1";
				SDKROOT = iphoneos;
				TARGETED_DEVICE_FAMILY = "1,2";
				USER_HEADER_SEARCH_PATHS = "../../../main/** ../../../engine/**";
				VALIDATE_PRODUCT = YES;
			};
			name = Release;
		};
		66327504174DA31F001E839D /* Debug */ = {
			isa = XCBuildConfiguration;
			buildSettings = {
				COMPRESS_PNG_FILES = NO;
				GCC_OPTIMIZATION_LEVEL = 0;
				GCC_PRECOMPILE_PREFIX_HEADER = YES;
				GCC_PREFIX_HEADER = "GCube/GCube-Prefix.pch";
				INFOPLIST_FILE = "GCube/GCube-Info.plist";
				PRODUCT_NAME = GCube;
				WRAPPER_EXTENSION = app;
			};
			name = Debug;
		};
		66327505174DA31F001E839D /* Release */ = {
			isa = XCBuildConfiguration;
			buildSettings = {
				COMPRESS_PNG_FILES = NO;
				GCC_PRECOMPILE_PREFIX_HEADER = YES;
				GCC_PREFIX_HEADER = "GCube/GCube-Prefix.pch";
				INFOPLIST_FILE = "GCube/GCube-Info.plist";
				PRODUCT_NAME = GCube;
				WRAPPER_EXTENSION = app;
			};
			name = Release;
		};
		66FE24751785371A00969BA7 /* Debug */ = {
			isa = XCBuildConfiguration;
			buildSettings = {
				ALWAYS_SEARCH_USER_PATHS = NO;
				DSTROOT = /tmp/gcube.dst;
				GCC_PRECOMPILE_PREFIX_HEADER = YES;
				GCC_PREFIX_HEADER = "GCube/GCube-Prefix.pch";
				IPHONEOS_DEPLOYMENT_TARGET = 5.0;
				OTHER_LDFLAGS = "-ObjC";
				PRODUCT_NAME = GCube;
				PUBLIC_HEADERS_FOLDER_PATH = /Headers;
				SKIP_INSTALL = YES;
			};
			name = Debug;
		};
		66FE24761785371A00969BA7 /* Release */ = {
			isa = XCBuildConfiguration;
			buildSettings = {
				ALWAYS_SEARCH_USER_PATHS = NO;
				DSTROOT = /tmp/gcube.dst;
				GCC_PRECOMPILE_PREFIX_HEADER = YES;
				GCC_PREFIX_HEADER = "GCube/GCube-Prefix.pch";
				IPHONEOS_DEPLOYMENT_TARGET = 5.0;
				OTHER_LDFLAGS = "-ObjC";
				PRODUCT_NAME = GCube;
				PUBLIC_HEADERS_FOLDER_PATH = /Headers;
				SKIP_INSTALL = YES;
			};
			name = Release;
		};
		66FE24B91785566300969BA7 /* Debug */ = {
			isa = XCBuildConfiguration;
			buildSettings = {
				PRODUCT_NAME = "$(TARGET_NAME)";
			};
			name = Debug;
		};
		66FE24BA1785566300969BA7 /* Release */ = {
			isa = XCBuildConfiguration;
			buildSettings = {
				PRODUCT_NAME = "$(TARGET_NAME)";
			};
			name = Release;
		};
/* End XCBuildConfiguration section */

/* Begin XCConfigurationList section */
		663274D0174DA31F001E839D /* Build configuration list for PBXProject "GCube" */ = {
			isa = XCConfigurationList;
			buildConfigurations = (
				66327501174DA31F001E839D /* Debug */,
				66327502174DA31F001E839D /* Release */,
			);
			defaultConfigurationIsVisible = 0;
			defaultConfigurationName = Release;
		};
		66327503174DA31F001E839D /* Build configuration list for PBXNativeTarget "GCube" */ = {
			isa = XCConfigurationList;
			buildConfigurations = (
				66327504174DA31F001E839D /* Debug */,
				66327505174DA31F001E839D /* Release */,
			);
			defaultConfigurationIsVisible = 0;
			defaultConfigurationName = Release;
		};
		66FE24741785371A00969BA7 /* Build configuration list for PBXNativeTarget "Engine" */ = {
			isa = XCConfigurationList;
			buildConfigurations = (
				66FE24751785371A00969BA7 /* Debug */,
				66FE24761785371A00969BA7 /* Release */,
			);
			defaultConfigurationIsVisible = 0;
			defaultConfigurationName = Release;
		};
		66FE24B81785566300969BA7 /* Build configuration list for PBXAggregateTarget "Framework" */ = {
			isa = XCConfigurationList;
			buildConfigurations = (
				66FE24B91785566300969BA7 /* Debug */,
				66FE24BA1785566300969BA7 /* Release */,
			);
			defaultConfigurationIsVisible = 0;
			defaultConfigurationName = Release;
		};
/* End XCConfigurationList section */
	};
	rootObject = 663274CD174DA31F001E839D /* Project object */;
}
